
Microsoft Visual Studio Solution File, Format Version 12.00
# Visual Studio Version 17
VisualStudioVersion = 17.0.31903.59
MinimumVisualStudioVersion = 10.0.40219.1
Project("{FAE04EC0-301F-11D3-BF4B-00C04F79EFBC}") = "PasswordManager.App", "PasswordManager.App\PasswordManager.App.csproj", "{B8F00697-0BF1-4456-A082-F2AD8B7A50F5}"
	ProjectSection(ProjectDependencies) = postProject
		{7F856053-C8B9-4652-9883-5A9854A96583} = {7F856053-C8B9-4652-9883-5A9854A96583}
		{A31C9300-03EE-48D7-9B95-F77FB1A3C676} = {A31C9300-03EE-48D7-9B95-F77FB1A3C676}
		{B5DCC940-7C71-4615-9C05-92DBB4028D02} = {B5DCC940-7C71-4615-9C05-92DBB4028D02}
		{BBC7A310-D029-4830-845E-2929D7AA9F53} = {BBC7A310-D029-4830-845E-2929D7AA9F53}
		{CD5121AC-E745-49C9-9503-5B014872879E} = {CD5121AC-E745-49C9-9503-5B014872879E}
		{F295EEB0-5C09-489D-8B2A-E1796B3735D6} = {F295EEB0-5C09-489D-8B2A-E1796B3735D6}
	EndProjectSection
EndProject
Project("{FAE04EC0-301F-11D3-BF4B-00C04F79EFBC}") = "PasswordManager.Models", "PasswordManager.Models\PasswordManager.Models.csproj", "{EE2766FE-8427-431D-B290-54CA42179E85}"
EndProject
Project("{FAE04EC0-301F-11D3-BF4B-00C04F79EFBC}") = "PasswordManager.DAL", "PasswordManager.DAL\PasswordManager.DAL.csproj", "{D08FEC45-6CBE-446B-8957-50F493534705}"
	ProjectSection(ProjectDependencies) = postProject
		{EE2766FE-8427-431D-B290-54CA42179E85} = {EE2766FE-8427-431D-B290-54CA42179E85}
	EndProjectSection
EndProject
Project("{FAE04EC0-301F-11D3-BF4B-00C04F79EFBC}") = "PasswordManager.Services", "PasswordManager.Services\PasswordManager.Services.csproj", "{93210F1B-3DD3-46AB-AA90-17FA605C7252}"
	ProjectSection(ProjectDependencies) = postProject
		{D08FEC45-6CBE-446B-8957-50F493534705} = {D08FEC45-6CBE-446B-8957-50F493534705}
	EndProjectSection
EndProject
Project("{FAE04EC0-301F-11D3-BF4B-00C04F79EFBC}") = "PasswordManager.Imports", "PasswordManager.Imports\PasswordManager.Imports.csproj", "{AEEB21EE-9EEA-446A-99D8-6E0AE5C87649}"
	ProjectSection(ProjectDependencies) = postProject
		{EE2766FE-8427-431D-B290-54CA42179E85} = {EE2766FE-8427-431D-B290-54CA42179E85}
	EndProjectSection
EndProject
Project("{FAE04EC0-301F-11D3-BF4B-00C04F79EFBC}") = "PasswordManager.API", "PasswordManager.API\PasswordManager.API.csproj", "{A31C9300-03EE-48D7-9B95-F77FB1A3C676}"
	ProjectSection(ProjectDependencies) = postProject
		{93210F1B-3DD3-46AB-AA90-17FA605C7252} = {93210F1B-3DD3-46AB-AA90-17FA605C7252}
		{C8F1D8E3-7B2F-4C6A-9A8B-1E5F3D2C4B6A} = {C8F1D8E3-7B2F-4C6A-9A8B-1E5F3D2C4B6A}
	EndProjectSection
EndProject
Project("{FAE04EC0-301F-11D3-BF4B-00C04F79EFBC}") = "PasswordManager.Crypto", "PasswordManager.Crypto\PasswordManager.Crypto.csproj", "{C8F1D8E3-7B2F-4C6A-9A8B-1E5F3D2C4B6A}"
	ProjectSection(ProjectDependencies) = postProject
		{EE2766FE-8427-431D-B290-54CA42179E85} = {EE2766FE-8427-431D-B290-54CA42179E85}
	EndProjectSection
EndProject
Project("{2150E333-8FDC-42A3-9474-1A3956D46DE8}") = "Solution Items", "Solution Items", "{8EC462FD-D22E-90A8-E5CE-7E832BA40C5D}"
	ProjectSection(SolutionItems) = preProject
		ReadMe.md = ReadMe.md
	EndProjectSection
EndProject
Project("{FAE04EC0-301F-11D3-BF4B-00C04F79EFBC}") = "PasswordManager.DAL.SqlServer", "PasswordManager.DAL.SqlServer\PasswordManager.DAL.SqlServer.csproj", "{7F856053-C8B9-4652-9883-5A9854A96583}"
	ProjectSection(ProjectDependencies) = postProject
		{D08FEC45-6CBE-446B-8957-50F493534705} = {D08FEC45-6CBE-446B-8957-50F493534705}
	EndProjectSection
EndProject
Project("{FAE04EC0-301F-11D3-BF4B-00C04F79EFBC}") = "PasswordManager.DAL.MySql", "PasswordManager.DAL.MySql\PasswordManager.DAL.MySql.csproj", "{CD5121AC-E745-49C9-9503-5B014872879E}"
	ProjectSection(ProjectDependencies) = postProject
		{D08FEC45-6CBE-446B-8957-50F493534705} = {D08FEC45-6CBE-446B-8957-50F493534705}
	EndProjectSection
EndProject
Project("{FAE04EC0-301F-11D3-BF4B-00C04F79EFBC}") = "PasswordManager.DAL.Postgres", "PasswordManager.DAL.Postgres\PasswordManager.DAL.Postgres.csproj", "{B5DCC940-7C71-4615-9C05-92DBB4028D02}"
	ProjectSection(ProjectDependencies) = postProject
		{D08FEC45-6CBE-446B-8957-50F493534705} = {D08FEC45-6CBE-446B-8957-50F493534705}
	EndProjectSection
EndProject
Project("{FAE04EC0-301F-11D3-BF4B-00C04F79EFBC}") = "PasswordManagerImports.1Password", "PasswordManagerImports.1Password\PasswordManagerImports.1Password.csproj", "{BBC7A310-D029-4830-845E-2929D7AA9F52}"
	ProjectSection(ProjectDependencies) = postProject
		{AEEB21EE-9EEA-446A-99D8-6E0AE5C87649} = {AEEB21EE-9EEA-446A-99D8-6E0AE5C87649}
		{EE2766FE-8427-431D-B290-54CA42179E85} = {EE2766FE-8427-431D-B290-54CA42179E85}
	EndProjectSection
EndProject
Project("{FAE04EC0-301F-11D3-BF4B-00C04F79EFBC}") = "PasswordManagerImports.Bitwarden", "PasswordManagerImports.Bitwarden\PasswordManagerImports.Bitwarden.csproj", "{BBC7A310-D029-4830-845E-2929D7AA9F53}"
	ProjectSection(ProjectDependencies) = postProject
		{AEEB21EE-9EEA-446A-99D8-6E0AE5C87649} = {AEEB21EE-9EEA-446A-99D8-6E0AE5C87649}
		{EE2766FE-8427-431D-B290-54CA42179E85} = {EE2766FE-8427-431D-B290-54CA42179E85}
	EndProjectSection
EndProject
Project("{FAE04EC0-301F-11D3-BF4B-00C04F79EFBC}") = "PasswordManager.Web", "PasswordManager.Web\PasswordManager.Web.csproj", "{F295EEB0-5C09-489D-8B2A-E1796B3735D6}"
EndProject
Project("{FAE04EC0-301F-11D3-BF4B-00C04F79EFBC}") = "PasswordManager.Components.Shared", "PasswordManager.Components.Shared\PasswordManager.Components.Shared.csproj", "{7AB0A20C-03AF-477D-B4E0-D84771BD1C3A}"
EndProject
Project("{FAE04EC0-301F-11D3-BF4B-00C04F79EFBC}") = "PasswordManager.DAL.SupaBase", "PasswordManager.DAL.SupaBase\PasswordManager.DAL.SupaBase.csproj", "{E1B5A8D0-3C5E-4A5F-9D3C-1A7B2C5D9E8F}"
	ProjectSection(ProjectDependencies) = postProject
		{D08FEC45-6CBE-446B-8957-50F493534705} = {D08FEC45-6CBE-446B-8957-50F493534705}
	EndProjectSection
EndProject
Project("{FAE04EC0-301F-11D3-BF4B-00C04F79EFBC}") = "PasswordManager.Tests.QrLogin", "PasswordManager.Tests.QrLogin\PasswordManager.Tests.QrLogin.csproj", "{089C62CF-7FE4-461C-8C5C-54EF8FB9F199}"
EndProject
Project("{FAE04EC0-301F-11D3-BF4B-00C04F79EFBC}") = "PasswordManager.Tests.OTP", "PasswordManager.Tests.OTP\PasswordManager.Tests.OTP.csproj", "{283F97CB-5CB2-4D63-8952-85360B7E44A2}"
EndProject
Global
	GlobalSection(SolutionConfigurationPlatforms) = preSolution
		Debug|Any CPU = Debug|Any CPU
		Debug|x64 = Debug|x64
		Debug|x86 = Debug|x86
		Release|Any CPU = Release|Any CPU
		Release|x64 = Release|x64
		Release|x86 = Release|x86
	EndGlobalSection
	GlobalSection(ProjectConfigurationPlatforms) = postSolution
		{B8F00697-0BF1-4456-A082-F2AD8B7A50F5}.Debug|Any CPU.ActiveCfg = Debug|Any CPU
		{B8F00697-0BF1-4456-A082-F2AD8B7A50F5}.Debug|Any CPU.Build.0 = Debug|Any CPU
		{B8F00697-0BF1-4456-A082-F2AD8B7A50F5}.Debug|Any CPU.Deploy.0 = Debug|Any CPU
		{B8F00697-0BF1-4456-A082-F2AD8B7A50F5}.Debug|x64.ActiveCfg = Debug|Any CPU
		{B8F00697-0BF1-4456-A082-F2AD8B7A50F5}.Debug|x64.Build.0 = Debug|Any CPU
		{B8F00697-0BF1-4456-A082-F2AD8B7A50F5}.Debug|x86.ActiveCfg = Debug|Any CPU
		{B8F00697-0BF1-4456-A082-F2AD8B7A50F5}.Debug|x86.Build.0 = Debug|Any CPU
		{B8F00697-0BF1-4456-A082-F2AD8B7A50F5}.Release|Any CPU.ActiveCfg = Release|Any CPU
		{B8F00697-0BF1-4456-A082-F2AD8B7A50F5}.Release|Any CPU.Build.0 = Release|Any CPU
		{B8F00697-0BF1-4456-A082-F2AD8B7A50F5}.Release|x64.ActiveCfg = Release|Any CPU
		{B8F00697-0BF1-4456-A082-F2AD8B7A50F5}.Release|x64.Build.0 = Release|Any CPU
		{B8F00697-0BF1-4456-A082-F2AD8B7A50F5}.Release|x86.ActiveCfg = Release|Any CPU
		{B8F00697-0BF1-4456-A082-F2AD8B7A50F5}.Release|x86.Build.0 = Release|Any CPU
		{EE2766FE-8427-431D-B290-54CA42179E85}.Debug|Any CPU.ActiveCfg = Debug|Any CPU
		{EE2766FE-8427-431D-B290-54CA42179E85}.Debug|Any CPU.Build.0 = Debug|Any CPU
		{EE2766FE-8427-431D-B290-54CA42179E85}.Debug|x64.ActiveCfg = Debug|Any CPU
		{EE2766FE-8427-431D-B290-54CA42179E85}.Debug|x64.Build.0 = Debug|Any CPU
		{EE2766FE-8427-431D-B290-54CA42179E85}.Debug|x86.ActiveCfg = Debug|Any CPU
		{EE2766FE-8427-431D-B290-54CA42179E85}.Debug|x86.Build.0 = Debug|Any CPU
		{EE2766FE-8427-431D-B290-54CA42179E85}.Release|Any CPU.ActiveCfg = Release|Any CPU
		{EE2766FE-8427-431D-B290-54CA42179E85}.Release|Any CPU.Build.0 = Release|Any CPU
		{EE2766FE-8427-431D-B290-54CA42179E85}.Release|x64.ActiveCfg = Release|Any CPU
		{EE2766FE-8427-431D-B290-54CA42179E85}.Release|x64.Build.0 = Release|Any CPU
		{EE2766FE-8427-431D-B290-54CA42179E85}.Release|x86.ActiveCfg = Release|Any CPU
		{EE2766FE-8427-431D-B290-54CA42179E85}.Release|x86.Build.0 = Release|Any CPU
		{D08FEC45-6CBE-446B-8957-50F493534705}.Debug|Any CPU.ActiveCfg = Debug|Any CPU
		{D08FEC45-6CBE-446B-8957-50F493534705}.Debug|Any CPU.Build.0 = Debug|Any CPU
		{D08FEC45-6CBE-446B-8957-50F493534705}.Debug|x64.ActiveCfg = Debug|Any CPU
		{D08FEC45-6CBE-446B-8957-50F493534705}.Debug|x64.Build.0 = Debug|Any CPU
		{D08FEC45-6CBE-446B-8957-50F493534705}.Debug|x86.ActiveCfg = Debug|Any CPU
		{D08FEC45-6CBE-446B-8957-50F493534705}.Debug|x86.Build.0 = Debug|Any CPU
		{D08FEC45-6CBE-446B-8957-50F493534705}.Release|Any CPU.ActiveCfg = Release|Any CPU
		{D08FEC45-6CBE-446B-8957-50F493534705}.Release|Any CPU.Build.0 = Release|Any CPU
		{D08FEC45-6CBE-446B-8957-50F493534705}.Release|x64.ActiveCfg = Release|Any CPU
		{D08FEC45-6CBE-446B-8957-50F493534705}.Release|x64.Build.0 = Release|Any CPU
		{D08FEC45-6CBE-446B-8957-50F493534705}.Release|x86.ActiveCfg = Release|Any CPU
		{D08FEC45-6CBE-446B-8957-50F493534705}.Release|x86.Build.0 = Release|Any CPU
		{93210F1B-3DD3-46AB-AA90-17FA605C7252}.Debug|Any CPU.ActiveCfg = Debug|Any CPU
		{93210F1B-3DD3-46AB-AA90-17FA605C7252}.Debug|Any CPU.Build.0 = Debug|Any CPU
		{93210F1B-3DD3-46AB-AA90-17FA605C7252}.Debug|x64.ActiveCfg = Debug|Any CPU
		{93210F1B-3DD3-46AB-AA90-17FA605C7252}.Debug|x64.Build.0 = Debug|Any CPU
		{93210F1B-3DD3-46AB-AA90-17FA605C7252}.Debug|x86.ActiveCfg = Debug|Any CPU
		{93210F1B-3DD3-46AB-AA90-17FA605C7252}.Debug|x86.Build.0 = Debug|Any CPU
		{93210F1B-3DD3-46AB-AA90-17FA605C7252}.Release|Any CPU.ActiveCfg = Release|Any CPU
		{93210F1B-3DD3-46AB-AA90-17FA605C7252}.Release|Any CPU.Build.0 = Release|Any CPU
		{93210F1B-3DD3-46AB-AA90-17FA605C7252}.Release|x64.ActiveCfg = Release|Any CPU
		{93210F1B-3DD3-46AB-AA90-17FA605C7252}.Release|x64.Build.0 = Release|Any CPU
		{93210F1B-3DD3-46AB-AA90-17FA605C7252}.Release|x86.ActiveCfg = Release|Any CPU
		{93210F1B-3DD3-46AB-AA90-17FA605C7252}.Release|x86.Build.0 = Release|Any CPU
		{AEEB21EE-9EEA-446A-99D8-6E0AE5C87649}.Debug|Any CPU.ActiveCfg = Debug|Any CPU
		{AEEB21EE-9EEA-446A-99D8-6E0AE5C87649}.Debug|Any CPU.Build.0 = Debug|Any CPU
		{AEEB21EE-9EEA-446A-99D8-6E0AE5C87649}.Debug|x64.ActiveCfg = Debug|Any CPU
		{AEEB21EE-9EEA-446A-99D8-6E0AE5C87649}.Debug|x64.Build.0 = Debug|Any CPU
		{AEEB21EE-9EEA-446A-99D8-6E0AE5C87649}.Debug|x86.ActiveCfg = Debug|Any CPU
		{AEEB21EE-9EEA-446A-99D8-6E0AE5C87649}.Debug|x86.Build.0 = Debug|Any CPU
		{AEEB21EE-9EEA-446A-99D8-6E0AE5C87649}.Release|Any CPU.ActiveCfg = Release|Any CPU
		{AEEB21EE-9EEA-446A-99D8-6E0AE5C87649}.Release|Any CPU.Build.0 = Release|Any CPU
		{AEEB21EE-9EEA-446A-99D8-6E0AE5C87649}.Release|x64.ActiveCfg = Release|Any CPU
		{AEEB21EE-9EEA-446A-99D8-6E0AE5C87649}.Release|x64.Build.0 = Release|Any CPU
		{AEEB21EE-9EEA-446A-99D8-6E0AE5C87649}.Release|x86.ActiveCfg = Release|Any CPU
		{AEEB21EE-9EEA-446A-99D8-6E0AE5C87649}.Release|x86.Build.0 = Release|Any CPU
		{A31C9300-03EE-48D7-9B95-F77FB1A3C676}.Debug|Any CPU.ActiveCfg = Debug|Any CPU
		{A31C9300-03EE-48D7-9B95-F77FB1A3C676}.Debug|Any CPU.Build.0 = Debug|Any CPU
		{A31C9300-03EE-48D7-9B95-F77FB1A3C676}.Debug|x64.ActiveCfg = Debug|Any CPU
		{A31C9300-03EE-48D7-9B95-F77FB1A3C676}.Debug|x64.Build.0 = Debug|Any CPU
		{A31C9300-03EE-48D7-9B95-F77FB1A3C676}.Debug|x86.ActiveCfg = Debug|Any CPU
		{A31C9300-03EE-48D7-9B95-F77FB1A3C676}.Debug|x86.Build.0 = Debug|Any CPU
		{A31C9300-03EE-48D7-9B95-F77FB1A3C676}.Release|Any CPU.ActiveCfg = Release|Any CPU
		{A31C9300-03EE-48D7-9B95-F77FB1A3C676}.Release|Any CPU.Build.0 = Release|Any CPU
		{A31C9300-03EE-48D7-9B95-F77FB1A3C676}.Release|x64.ActiveCfg = Release|Any CPU
		{A31C9300-03EE-48D7-9B95-F77FB1A3C676}.Release|x64.Build.0 = Release|Any CPU
		{A31C9300-03EE-48D7-9B95-F77FB1A3C676}.Release|x86.ActiveCfg = Release|Any CPU
		{A31C9300-03EE-48D7-9B95-F77FB1A3C676}.Release|x86.Build.0 = Release|Any CPU
		{C8F1D8E3-7B2F-4C6A-9A8B-1E5F3D2C4B6A}.Debug|Any CPU.ActiveCfg = Debug|Any CPU
		{C8F1D8E3-7B2F-4C6A-9A8B-1E5F3D2C4B6A}.Debug|Any CPU.Build.0 = Debug|Any CPU
		{C8F1D8E3-7B2F-4C6A-9A8B-1E5F3D2C4B6A}.Debug|x64.ActiveCfg = Debug|Any CPU
		{C8F1D8E3-7B2F-4C6A-9A8B-1E5F3D2C4B6A}.Debug|x64.Build.0 = Debug|Any CPU
		{C8F1D8E3-7B2F-4C6A-9A8B-1E5F3D2C4B6A}.Debug|x86.ActiveCfg = Debug|Any CPU
		{C8F1D8E3-7B2F-4C6A-9A8B-1E5F3D2C4B6A}.Debug|x86.Build.0 = Debug|Any CPU
		{C8F1D8E3-7B2F-4C6A-9A8B-1E5F3D2C4B6A}.Release|Any CPU.ActiveCfg = Release|Any CPU
		{C8F1D8E3-7B2F-4C6A-9A8B-1E5F3D2C4B6A}.Release|Any CPU.Build.0 = Release|Any CPU
		{C8F1D8E3-7B2F-4C6A-9A8B-1E5F3D2C4B6A}.Release|x64.ActiveCfg = Release|Any CPU
		{C8F1D8E3-7B2F-4C6A-9A8B-1E5F3D2C4B6A}.Release|x64.Build.0 = Release|Any CPU
		{C8F1D8E3-7B2F-4C6A-9A8B-1E5F3D2C4B6A}.Release|x86.ActiveCfg = Release|Any CPU
		{C8F1D8E3-7B2F-4C6A-9A8B-1E5F3D2C4B6A}.Release|x86.Build.0 = Release|Any CPU
		{7F856053-C8B9-4652-9883-5A9854A96583}.Debug|Any CPU.ActiveCfg = Debug|Any CPU
		{7F856053-C8B9-4652-9883-5A9854A96583}.Debug|Any CPU.Build.0 = Debug|Any CPU
		{7F856053-C8B9-4652-9883-5A9854A96583}.Debug|x64.ActiveCfg = Debug|Any CPU
		{7F856053-C8B9-4652-9883-5A9854A96583}.Debug|x64.Build.0 = Debug|Any CPU
		{7F856053-C8B9-4652-9883-5A9854A96583}.Debug|x86.ActiveCfg = Debug|Any CPU
		{7F856053-C8B9-4652-9883-5A9854A96583}.Debug|x86.Build.0 = Debug|Any CPU
		{7F856053-C8B9-4652-9883-5A9854A96583}.Release|Any CPU.ActiveCfg = Release|Any CPU
		{7F856053-C8B9-4652-9883-5A9854A96583}.Release|Any CPU.Build.0 = Release|Any CPU
		{7F856053-C8B9-4652-9883-5A9854A96583}.Release|x64.ActiveCfg = Release|Any CPU
		{7F856053-C8B9-4652-9883-5A9854A96583}.Release|x64.Build.0 = Release|Any CPU
		{7F856053-C8B9-4652-9883-5A9854A96583}.Release|x86.ActiveCfg = Release|Any CPU
		{7F856053-C8B9-4652-9883-5A9854A96583}.Release|x86.Build.0 = Release|Any CPU
		{CD5121AC-E745-49C9-9503-5B014872879E}.Debug|Any CPU.ActiveCfg = Debug|Any CPU
		{CD5121AC-E745-49C9-9503-5B014872879E}.Debug|Any CPU.Build.0 = Debug|Any CPU
		{CD5121AC-E745-49C9-9503-5B014872879E}.Debug|x64.ActiveCfg = Debug|Any CPU
		{CD5121AC-E745-49C9-9503-5B014872879E}.Debug|x64.Build.0 = Debug|Any CPU
		{CD5121AC-E745-49C9-9503-5B014872879E}.Debug|x86.ActiveCfg = Debug|Any CPU
		{CD5121AC-E745-49C9-9503-5B014872879E}.Debug|x86.Build.0 = Debug|Any CPU
		{CD5121AC-E745-49C9-9503-5B014872879E}.Release|Any CPU.ActiveCfg = Release|Any CPU
		{CD5121AC-E745-49C9-9503-5B014872879E}.Release|Any CPU.Build.0 = Release|Any CPU
		{CD5121AC-E745-49C9-9503-5B014872879E}.Release|x64.ActiveCfg = Release|Any CPU
		{CD5121AC-E745-49C9-9503-5B014872879E}.Release|x64.Build.0 = Release|Any CPU
		{CD5121AC-E745-49C9-9503-5B014872879E}.Release|x86.ActiveCfg = Release|Any CPU
		{CD5121AC-E745-49C9-9503-5B014872879E}.Release|x86.Build.0 = Release|Any CPU
		{B5DCC940-7C71-4615-9C05-92DBB4028D02}.Debug|Any CPU.ActiveCfg = Debug|Any CPU
		{B5DCC940-7C71-4615-9C05-92DBB4028D02}.Debug|Any CPU.Build.0 = Debug|Any CPU
		{B5DCC940-7C71-4615-9C05-92DBB4028D02}.Debug|x64.ActiveCfg = Debug|Any CPU
		{B5DCC940-7C71-4615-9C05-92DBB4028D02}.Debug|x64.Build.0 = Debug|Any CPU
		{B5DCC940-7C71-4615-9C05-92DBB4028D02}.Debug|x86.ActiveCfg = Debug|Any CPU
		{B5DCC940-7C71-4615-9C05-92DBB4028D02}.Debug|x86.Build.0 = Debug|Any CPU
		{B5DCC940-7C71-4615-9C05-92DBB4028D02}.Release|Any CPU.ActiveCfg = Release|Any CPU
		{B5DCC940-7C71-4615-9C05-92DBB4028D02}.Release|Any CPU.Build.0 = Release|Any CPU
		{B5DCC940-7C71-4615-9C05-92DBB4028D02}.Release|x64.ActiveCfg = Release|Any CPU
		{B5DCC940-7C71-4615-9C05-92DBB4028D02}.Release|x64.Build.0 = Release|Any CPU
		{B5DCC940-7C71-4615-9C05-92DBB4028D02}.Release|x86.ActiveCfg = Release|Any CPU
		{B5DCC940-7C71-4615-9C05-92DBB4028D02}.Release|x86.Build.0 = Release|Any CPU
		{BBC7A310-D029-4830-845E-2929D7AA9F52}.Debug|Any CPU.ActiveCfg = Debug|Any CPU
		{BBC7A310-D029-4830-845E-2929D7AA9F52}.Debug|Any CPU.Build.0 = Debug|Any CPU
		{BBC7A310-D029-4830-845E-2929D7AA9F52}.Debug|x64.ActiveCfg = Debug|Any CPU
		{BBC7A310-D029-4830-845E-2929D7AA9F52}.Debug|x64.Build.0 = Debug|Any CPU
		{BBC7A310-D029-4830-845E-2929D7AA9F52}.Debug|x86.ActiveCfg = Debug|Any CPU
		{BBC7A310-D029-4830-845E-2929D7AA9F52}.Debug|x86.Build.0 = Debug|Any CPU
		{BBC7A310-D029-4830-845E-2929D7AA9F52}.Release|Any CPU.ActiveCfg = Release|Any CPU
		{BBC7A310-D029-4830-845E-2929D7AA9F52}.Release|Any CPU.Build.0 = Release|Any CPU
		{BBC7A310-D029-4830-845E-2929D7AA9F52}.Release|x64.ActiveCfg = Release|Any CPU
		{BBC7A310-D029-4830-845E-2929D7AA9F52}.Release|x64.Build.0 = Release|Any CPU
		{BBC7A310-D029-4830-845E-2929D7AA9F52}.Release|x86.ActiveCfg = Release|Any CPU
		{BBC7A310-D029-4830-845E-2929D7AA9F52}.Release|x86.Build.0 = Release|Any CPU
		{BBC7A310-D029-4830-845E-2929D7AA9F53}.Debug|Any CPU.ActiveCfg = Debug|Any CPU
		{BBC7A310-D029-4830-845E-2929D7AA9F53}.Debug|Any CPU.Build.0 = Debug|Any CPU
		{BBC7A310-D029-4830-845E-2929D7AA9F53}.Debug|x64.ActiveCfg = Debug|Any CPU
		{BBC7A310-D029-4830-845E-2929D7AA9F53}.Debug|x64.Build.0 = Debug|Any CPU
		{BBC7A310-D029-4830-845E-2929D7AA9F53}.Debug|x86.ActiveCfg = Debug|Any CPU
		{BBC7A310-D029-4830-845E-2929D7AA9F53}.Debug|x86.Build.0 = Debug|Any CPU
		{BBC7A310-D029-4830-845E-2929D7AA9F53}.Release|Any CPU.ActiveCfg = Release|Any CPU
		{BBC7A310-D029-4830-845E-2929D7AA9F53}.Release|Any CPU.Build.0 = Release|Any CPU
		{BBC7A310-D029-4830-845E-2929D7AA9F53}.Release|x64.ActiveCfg = Release|Any CPU
		{BBC7A310-D029-4830-845E-2929D7AA9F53}.Release|x64.Build.0 = Release|Any CPU
		{BBC7A310-D029-4830-845E-2929D7AA9F53}.Release|x86.ActiveCfg = Release|Any CPU
		{BBC7A310-D029-4830-845E-2929D7AA9F53}.Release|x86.Build.0 = Release|Any CPU
		{F295EEB0-5C09-489D-8B2A-E1796B3735D6}.Debug|Any CPU.ActiveCfg = Debug|Any CPU
		{F295EEB0-5C09-489D-8B2A-E1796B3735D6}.Debug|Any CPU.Build.0 = Debug|Any CPU
		{F295EEB0-5C09-489D-8B2A-E1796B3735D6}.Debug|x64.ActiveCfg = Debug|Any CPU
		{F295EEB0-5C09-489D-8B2A-E1796B3735D6}.Debug|x64.Build.0 = Debug|Any CPU
		{F295EEB0-5C09-489D-8B2A-E1796B3735D6}.Debug|x86.ActiveCfg = Debug|Any CPU
		{F295EEB0-5C09-489D-8B2A-E1796B3735D6}.Debug|x86.Build.0 = Debug|Any CPU
		{F295EEB0-5C09-489D-8B2A-E1796B3735D6}.Release|Any CPU.ActiveCfg = Release|Any CPU
		{F295EEB0-5C09-489D-8B2A-E1796B3735D6}.Release|Any CPU.Build.0 = Release|Any CPU
		{F295EEB0-5C09-489D-8B2A-E1796B3735D6}.Release|x64.ActiveCfg = Release|Any CPU
		{F295EEB0-5C09-489D-8B2A-E1796B3735D6}.Release|x64.Build.0 = Release|Any CPU
		{F295EEB0-5C09-489D-8B2A-E1796B3735D6}.Release|x86.ActiveCfg = Release|Any CPU
		{F295EEB0-5C09-489D-8B2A-E1796B3735D6}.Release|x86.Build.0 = Release|Any CPU
		{7AB0A20C-03AF-477D-B4E0-D84771BD1C3A}.Debug|Any CPU.ActiveCfg = Debug|Any CPU
		{7AB0A20C-03AF-477D-B4E0-D84771BD1C3A}.Debug|Any CPU.Build.0 = Debug|Any CPU
		{7AB0A20C-03AF-477D-B4E0-D84771BD1C3A}.Debug|x64.ActiveCfg = Debug|Any CPU
		{7AB0A20C-03AF-477D-B4E0-D84771BD1C3A}.Debug|x64.Build.0 = Debug|Any CPU
		{7AB0A20C-03AF-477D-B4E0-D84771BD1C3A}.Debug|x86.ActiveCfg = Debug|Any CPU
		{7AB0A20C-03AF-477D-B4E0-D84771BD1C3A}.Debug|x86.Build.0 = Debug|Any CPU
		{7AB0A20C-03AF-477D-B4E0-D84771BD1C3A}.Release|Any CPU.ActiveCfg = Release|Any CPU
		{7AB0A20C-03AF-477D-B4E0-D84771BD1C3A}.Release|Any CPU.Build.0 = Release|Any CPU
		{7AB0A20C-03AF-477D-B4E0-D84771BD1C3A}.Release|x64.ActiveCfg = Release|Any CPU
		{7AB0A20C-03AF-477D-B4E0-D84771BD1C3A}.Release|x64.Build.0 = Release|Any CPU
		{7AB0A20C-03AF-477D-B4E0-D84771BD1C3A}.Release|x86.ActiveCfg = Release|Any CPU
		{7AB0A20C-03AF-477D-B4E0-D84771BD1C3A}.Release|x86.Build.0 = Release|Any CPU
		{E1B5A8D0-3C5E-4A5F-9D3C-1A7B2C5D9E8F}.Debug|Any CPU.ActiveCfg = Debug|Any CPU
		{E1B5A8D0-3C5E-4A5F-9D3C-1A7B2C5D9E8F}.Debug|Any CPU.Build.0 = Debug|Any CPU
		{E1B5A8D0-3C5E-4A5F-9D3C-1A7B2C5D9E8F}.Debug|x64.ActiveCfg = Debug|Any CPU
		{E1B5A8D0-3C5E-4A5F-9D3C-1A7B2C5D9E8F}.Debug|x64.Build.0 = Debug|Any CPU
		{E1B5A8D0-3C5E-4A5F-9D3C-1A7B2C5D9E8F}.Debug|x86.ActiveCfg = Debug|Any CPU
		{E1B5A8D0-3C5E-4A5F-9D3C-1A7B2C5D9E8F}.Debug|x86.Build.0 = Debug|Any CPU
		{E1B5A8D0-3C5E-4A5F-9D3C-1A7B2C5D9E8F}.Release|Any CPU.ActiveCfg = Release|Any CPU
		{E1B5A8D0-3C5E-4A5F-9D3C-1A7B2C5D9E8F}.Release|Any CPU.Build.0 = Release|Any CPU
		{E1B5A8D0-3C5E-4A5F-9D3C-1A7B2C5D9E8F}.Release|x64.ActiveCfg = Release|Any CPU
		{E1B5A8D0-3C5E-4A5F-9D3C-1A7B2C5D9E8F}.Release|x64.Build.0 = Release|Any CPU
		{E1B5A8D0-3C5E-4A5F-9D3C-1A7B2C5D9E8F}.Release|x86.ActiveCfg = Release|Any CPU
		{E1B5A8D0-3C5E-4A5F-9D3C-1A7B2C5D9E8F}.Release|x86.Build.0 = Release|Any CPU
		{089C62CF-7FE4-461C-8C5C-54EF8FB9F199}.Debug|Any CPU.ActiveCfg = Debug|Any CPU
		{089C62CF-7FE4-461C-8C5C-54EF8FB9F199}.Debug|Any CPU.Build.0 = Debug|Any CPU
		{089C62CF-7FE4-461C-8C5C-54EF8FB9F199}.Debug|x64.ActiveCfg = Debug|Any CPU
		{089C62CF-7FE4-461C-8C5C-54EF8FB9F199}.Debug|x64.Build.0 = Debug|Any CPU
		{089C62CF-7FE4-461C-8C5C-54EF8FB9F199}.Debug|x86.ActiveCfg = Debug|Any CPU
		{089C62CF-7FE4-461C-8C5C-54EF8FB9F199}.Debug|x86.Build.0 = Debug|Any CPU
		{089C62CF-7FE4-461C-8C5C-54EF8FB9F199}.Release|Any CPU.ActiveCfg = Release|Any CPU
		{089C62CF-7FE4-461C-8C5C-54EF8FB9F199}.Release|Any CPU.Build.0 = Release|Any CPU
		{089C62CF-7FE4-461C-8C5C-54EF8FB9F199}.Release|x64.ActiveCfg = Release|Any CPU
		{089C62CF-7FE4-461C-8C5C-54EF8FB9F199}.Release|x64.Build.0 = Release|Any CPU
		{089C62CF-7FE4-461C-8C5C-54EF8FB9F199}.Release|x86.ActiveCfg = Release|Any CPU
		{089C62CF-7FE4-461C-8C5C-54EF8FB9F199}.Release|x86.Build.0 = Release|Any CPU
		{283F97CB-5CB2-4D63-8952-85360B7E44A2}.Debug|Any CPU.ActiveCfg = Debug|Any CPU
		{283F97CB-5CB2-4D63-8952-85360B7E44A2}.Debug|Any CPU.Build.0 = Debug|Any CPU
		{283F97CB-5CB2-4D63-8952-85360B7E44A2}.Debug|x64.ActiveCfg = Debug|Any CPU
		{283F97CB-5CB2-4D63-8952-85360B7E44A2}.Debug|x64.Build.0 = Debug|Any CPU
		{283F97CB-5CB2-4D63-8952-85360B7E44A2}.Debug|x86.ActiveCfg = Debug|Any CPU
		{283F97CB-5CB2-4D63-8952-85360B7E44A2}.Debug|x86.Build.0 = Debug|Any CPU
		{283F97CB-5CB2-4D63-8952-85360B7E44A2}.Release|Any CPU.ActiveCfg = Release|Any CPU
		{283F97CB-5CB2-4D63-8952-85360B7E44A2}.Release|Any CPU.Build.0 = Release|Any CPU
		{283F97CB-5CB2-4D63-8952-85360B7E44A2}.Release|x64.ActiveCfg = Release|Any CPU
		{283F97CB-5CB2-4D63-8952-85360B7E44A2}.Release|x64.Build.0 = Release|Any CPU
		{283F97CB-5CB2-4D63-8952-85360B7E44A2}.Release|x86.ActiveCfg = Release|Any CPU
		{283F97CB-5CB2-4D63-8952-85360B7E44A2}.Release|x86.Build.0 = Release|Any CPU
	EndGlobalSection
	GlobalSection(SolutionProperties) = preSolution
		HideSolutionNode = FALSE
	EndGlobalSection
	GlobalSection(ExtensibilityGlobals) = postSolution
		SolutionGuid = {1C5DC08E-D6C5-4B20-978A-FFB7F8D44D42}
	EndGlobalSection
EndGlobal
